{
    "_meta": {
        "hash": {
            "sha256": "c53896cf6c5a715b4352b19b503d80333fd4f7eb8c5b72919fdd734474184499"
        },
        "pipfile-spec": 6,
        "requires": {
            "python_version": "3.9"
        },
        "sources": [
            {
                "name": "pypi",
                "url": "https://pypi.org/simple",
                "verify_ssl": true
            }
        ]
    },
    "default": {
        "affine": {
            "hashes": [
                "sha256:2e045def1aa29e613c42e801a7e10e0b9bacfed1a7c6af0cadf8843530a15102",
                "sha256:34b05b070d954c382e56f02c207a372d8a32621a87653cc30cdd31cd7f65799f"
            ],
            "version": "==2.3.0"
        },
        "aiofiles": {
            "hashes": [
                "sha256:7a973fc22b29e9962d0897805ace5856e6a566ab1f0c8e5c91ff6c866519c937",
                "sha256:8334f23235248a3b2e83b2c3a78a22674f39969b96397126cc93664d9a901e59"
            ],
            "index": "pypi",
            "version": "==0.8.0"
        },
        "anyio": {
            "hashes": [
                "sha256:a0aeffe2fb1fdf374a8e4b471444f0f3ac4fb9f5a5b542b48824475e0042a5a6",
                "sha256:b5fa16c5ff93fa1046f2eeb5bbff2dad4d3514d6cda61d02816dba34fa8c3c2e"
            ],
            "markers": "python_full_version >= '3.6.2'",
            "version": "==3.5.0"
        },
        "asgiref": {
            "hashes": [
                "sha256:2f8abc20f7248433085eda803936d98992f1343ddb022065779f37c5da0181d0",
                "sha256:88d59c13d634dcffe0510be048210188edd79aeccb6a6c9028cdad6f31d730a9"
            ],
            "markers": "python_version >= '3.7'",
            "version": "==3.5.0"
        },
        "attrs": {
            "hashes": [
                "sha256:2d27e3784d7a565d36ab851fe94887c5eccd6a463168875832a1be79c82828b4",
                "sha256:626ba8234211db98e869df76230a137c4c40a12d72445c45d5f5b716f076e2fd"
            ],
            "markers": "python_version >= '2.7' and python_version not in '3.0, 3.1, 3.2, 3.3, 3.4'",
            "version": "==21.4.0"
        },
        "boto3": {
            "hashes": [
                "sha256:16fae86d0c4993fd5112128bb4622a879f02363bccd045153cc0bbd7722cc9a5",
                "sha256:e17d994d222162dac02ec32fde6ae910d819ebf239a94dddcee47def2c82b9c9"
            ],
            "markers": "python_version >= '3.6'",
            "version": "==1.21.13"
        },
        "botocore": {
            "hashes": [
                "sha256:46e51f56f1c5784e4245e036503635fa71b722775657b6e1acf21ec5b906974c",
                "sha256:7b166096f9413b41caf7cc6f4edfd5b3c3ab9d7c61eb120a649e69485c98131a"
            ],
            "markers": "python_version >= '3.6'",
            "version": "==1.24.13"
        },
        "cachetools": {
            "hashes": [
                "sha256:486471dfa8799eb7ec503a8059e263db000cdda20075ce5e48903087f79d5fd6",
                "sha256:8fecd4203a38af17928be7b90689d8083603073622229ca7077b72d8e5a976e4"
            ],
            "markers": "python_version ~= '3.7'",
            "version": "==5.0.0"
        },
        "certifi": {
            "hashes": [
                "sha256:78884e7c1d4b00ce3cea67b44566851c4343c120abd683433ce934a68ea58872",
                "sha256:d62a0163eb4c2344ac042ab2bdf75399a71a2d8c7d47eac2e2ee91b9d6339569"
            ],
            "version": "==2021.10.8"
        },
        "charset-normalizer": {
            "hashes": [
                "sha256:2857e29ff0d34db842cd7ca3230549d1a697f96ee6d3fb071cfa6c7393832597",
                "sha256:6881edbebdb17b39b4eaaa821b438bf6eddffb4468cf344f09f89def34a8b1df"
            ],
            "markers": "python_version >= '3'",
            "version": "==2.0.12"
        },
        "click": {
            "hashes": [
                "sha256:6a7a62563bbfabfda3a38f3023a1db4a35978c0abd76f6c9605ecd6554d6d9b1",
                "sha256:8458d7b1287c5fb128c90e23381cf99dcde74beaf6c7ff6384ce84d6fe090adb"
            ],
            "markers": "python_version >= '3.6'",
            "version": "==8.0.4"
        },
        "click-plugins": {
            "hashes": [
                "sha256:46ab999744a9d831159c3411bb0c79346d94a444df9a3a3742e9ed63645f264b",
                "sha256:5d262006d3222f5057fd81e1623d4443e41dcda5dc815c06b442aa3c02889fc8"
            ],
            "version": "==1.1.1"
        },
        "cligj": {
            "hashes": [
                "sha256:a4bc13d623356b373c2c27c53dbd9c68cae5d526270bfa71f6c6fa69669c6b27",
                "sha256:c1ca117dbce1fe20a5809dc96f01e1c2840f6dcc939b3ddbb1111bf330ba82df"
            ],
            "markers": "python_version >= '2.7' and python_version not in '3.0, 3.1, 3.2, 3.3' and python_version < '4'",
            "version": "==0.7.2"
        },
        "fastapi": {
            "hashes": [
                "sha256:124774ce4cb3322841965f559669b233a0b8d343ea24fdd8b293253c077220d7",
                "sha256:43d12891b78fc497a50623e9c7c24640c569489f060acd9ce2c4902080487a93"
            ],
            "index": "pypi",
            "version": "==0.75.0"
        },
        "h11": {
            "hashes": [
                "sha256:36a3cb8c0a032f56e2da7084577878a035d3b61d104230d4bd49c0c6b555a9c6",
                "sha256:47222cb6067e4a307d535814917cd98fd0a57b6788ce715755fa2b6c28b56042"
            ],
            "markers": "python_version >= '3.6'",
            "version": "==0.12.0"
        },
        "httpcore": {
            "hashes": [
                "sha256:47d772f754359e56dd9d892d9593b6f9870a37aeb8ba51e9a88b09b3d68cfade",
                "sha256:7503ec1c0f559066e7e39bc4003fd2ce023d01cf51793e3c173b864eb456ead1"
            ],
            "markers": "python_version >= '3.6'",
            "version": "==0.14.7"
        },
        "httpx": {
            "hashes": [
                "sha256:d8e778f76d9bbd46af49e7f062467e3157a5a3d2ae4876a4bbfd8a51ed9c9cb4",
                "sha256:e35e83d1d2b9b2a609ef367cc4c1e66fd80b750348b20cc9e19d1952fc2ca3f6"
            ],
            "markers": "python_version >= '3.6'",
            "version": "==0.22.0"
        },
        "idna": {
            "hashes": [
                "sha256:84d9dd047ffa80596e0f246e2eab0b391788b0503584e8945f2368256d2735ff",
                "sha256:9d643ff0a55b762d5cdb124b8eaa99c66322e2157b69160bc32796e824360e6d"
            ],
            "version": "==3.3"
        },
        "jmespath": {
            "hashes": [
                "sha256:b85d0567b8666149a93172712e68920734333c0ce7e89b78b3e987f71e5ed4f9",
                "sha256:cdf6525904cc597730141d61b36f2e4b8ecc257c420fa2f4549bac2c2d0cb72f"
            ],
            "markers": "python_version >= '2.6' and python_version not in '3.0, 3.1, 3.2, 3.3'",
            "version": "==0.10.0"
        },
        "morecantile": {
            "hashes": [
                "sha256:2fd814f43466306e576b43902df8400dcf5308a30c88c54822a42e9d32376d21"
            ],
            "markers": "python_version >= '3.7'",
            "version": "==3.1.1"
        },
        "numexpr": {
            "hashes": [
                "sha256:1639561d056d2d790a56ddab7e7df40b6181ad50338b50fba94aa42874a00958",
                "sha256:2247d92da60b85de619e797e59a80e9c7302fba82dcd0525de8f7dd729a0d60f",
                "sha256:24fb5b2c17273a76e7de9cea7817c54262198657998a093fceb4030f273524c7",
                "sha256:3bab5add6628fa8bb66fba7b1f0eed5d8d0ce05fdd2dcc326dde8a297a961c46",
                "sha256:48258db3ba89ad028744e07b09dde963f82da7f081849d3a003bb0b96b112d4f",
                "sha256:4eb79d9026f013cf8d16de8be74911c74c0c09362627bf4b39e2b7f1f3188c28",
                "sha256:517f299c4bc8491b5117aa276e8f3cf7ee2e89223922e92e2ea78a32985d5087",
                "sha256:5d0c98c4d8bcc25962e5859176e5728f69209cffb9b7f64bf6d1c801fe350946",
                "sha256:6bce8a183afe157c25385d27be314be22f06ba644c89b611d20e2570a06bd5dd",
                "sha256:79ec94295aa57f5a9d212116bb7359744cd2f9e05d477df0dee383b7f44b9588",
                "sha256:80db25e2934fd1a1b787440d5fa7946adb79a1289d7dc64e2c8bcd6ceae660ad",
                "sha256:920c6a3088790573765e103e20592864977aa4b4d1b819c298fa9d88771cde1b",
                "sha256:a591f99ecbb413749725e8da4e52e663f0939dd5fbf1ae5a7c6c50ba734f57de",
                "sha256:a97a087a5f5e56cd81c69215918fdaca60eb478a099daa757455e4ff887f7600",
                "sha256:a9f046cb5752f08a9291dc1fd37a9cfd15770262188bb984e4418490fef9c9ec",
                "sha256:ab6b2cb64bc9391f77f08203fda5af3647ed2abcefb928cc6282727854f97735",
                "sha256:b57d3ab7054409d9b4d2148241ae70d738c0b0daeb1a0efd5ea89b9279752e22",
                "sha256:bd402e43b8baf6436b7c2c14541f69eb4f97f023469585a7ad258c49622ff619",
                "sha256:cd779aa44dd986c4ef10163519239602b027be06a527946656207acf1f58113b",
                "sha256:cfd89f63028f8df3c9b11bf2c98085184f967a09f543a77c3335f4a0ec54f124",
                "sha256:d148e99483e15de22d0acd5100136d39a336e91c8f8d37bf2e84e9f0ab4c0610",
                "sha256:d2b4b6379763ec5d794d4aaa1834ae00f1bba82a36d0b99c6e2d559302a21e85",
                "sha256:d7b64b125161e722c9dc8a27df282e755bd9a5adf826b2e3e1f038e3dfdc3307",
                "sha256:da180aaec7f6c387540b251f6ec2b8d280220c0e45731778853c8b0d86c4ae22",
                "sha256:ebf31aeed426840aefe1e94c89bb0b7530a72be36444ed4c73e4411865b79be5",
                "sha256:fd6905bc80a11908e363c9821cbf8aeeca4dca5b6a2eea90a97b055bc73443e6"
            ],
            "version": "==2.8.1"
        },
        "numpy": {
            "hashes": [
                "sha256:03ae5850619abb34a879d5f2d4bb4dcd025d6d8fb72f5e461dae84edccfe129f",
                "sha256:076aee5a3763d41da6bef9565fdf3cb987606f567cd8b104aded2b38b7b47abf",
                "sha256:0b536b6840e84c1c6a410f3a5aa727821e6108f3454d81a5cd5900999ef04f89",
                "sha256:15efb7b93806d438e3bc590ca8ef2f953b0ce4f86f337ef4559d31ec6cf9d7dd",
                "sha256:168259b1b184aa83a514f307352c25c56af111c269ffc109d9704e81f72e764b",
                "sha256:2638389562bda1635b564490d76713695ff497242a83d9b684d27bb4a6cc9d7a",
                "sha256:3556c5550de40027d3121ebbb170f61bbe19eb639c7ad0c7b482cd9b560cd23b",
                "sha256:4a176959b6e7e00b5a0d6f549a479f869829bfd8150282c590deee6d099bbb6e",
                "sha256:515a8b6edbb904594685da6e176ac9fbea8f73a5ebae947281de6613e27f1956",
                "sha256:55535c7c2f61e2b2fc817c5cbe1af7cb907c7f011e46ae0a52caa4be1f19afe2",
                "sha256:59153979d60f5bfe9e4c00e401e24dfe0469ef8da6d68247439d3278f30a180f",
                "sha256:60cb8e5933193a3cc2912ee29ca331e9c15b2da034f76159b7abc520b3d1233a",
                "sha256:6767ad399e9327bfdbaa40871be4254d1995f4a3ca3806127f10cec778bd9896",
                "sha256:76a4f9bce0278becc2da7da3b8ef854bed41a991f4226911a24a9711baad672c",
                "sha256:8cf33634b60c9cef346663a222d9841d3bbbc0a2f00221d6bcfd0d993d5543f6",
                "sha256:94dd11d9f13ea1be17bac39c1942f527cbf7065f94953cf62dfe805653da2f8f",
                "sha256:aafa46b5a39a27aca566198d3312fb3bde95ce9677085efd02c86f7ef6be4ec7",
                "sha256:badca914580eb46385e7f7e4e426fea6de0a37b9e06bec252e481ae7ec287082",
                "sha256:d76a26c5118c4d96e264acc9e3242d72e1a2b92e739807b3b69d8d47684b6677"
            ],
            "markers": "python_version >= '3.8'",
            "version": "==1.22.2"
        },
        "packaging": {
            "hashes": [
                "sha256:dd47c42927d89ab911e606518907cc2d3a1f38bbd026385970643f9c5b8ecfeb",
                "sha256:ef103e05f519cdc783ae24ea4e2e0f508a9c99b2d4969652eed6a2e1ea5bd522"
            ],
            "markers": "python_version >= '3.6'",
            "version": "==21.3"
        },
        "pydantic": {
            "hashes": [
                "sha256:085ca1de245782e9b46cefcf99deecc67d418737a1fd3f6a4f511344b613a5b3",
                "sha256:086254884d10d3ba16da0588604ffdc5aab3f7f09557b998373e885c690dd398",
                "sha256:0b6037175234850ffd094ca77bf60fb54b08b5b22bc85865331dd3bda7a02fa1",
                "sha256:0fe476769acaa7fcddd17cadd172b156b53546ec3614a4d880e5d29ea5fbce65",
                "sha256:1d5278bd9f0eee04a44c712982343103bba63507480bfd2fc2790fa70cd64cf4",
                "sha256:2cc6a4cb8a118ffec2ca5fcb47afbacb4f16d0ab8b7350ddea5e8ef7bcc53a16",
                "sha256:2ee7e3209db1e468341ef41fe263eb655f67f5c5a76c924044314e139a1103a2",
                "sha256:3011b975c973819883842c5ab925a4e4298dffccf7782c55ec3580ed17dc464c",
                "sha256:3c3b035103bd4e2e4a28da9da7ef2fa47b00ee4a9cf4f1a735214c1bcd05e0f6",
                "sha256:4c68c3bc88dbda2a6805e9a142ce84782d3930f8fdd9655430d8576315ad97ce",
                "sha256:574936363cd4b9eed8acdd6b80d0143162f2eb654d96cb3a8ee91d3e64bf4cf9",
                "sha256:5a79330f8571faf71bf93667d3ee054609816f10a259a109a0738dac983b23c3",
                "sha256:5e48ef4a8b8c066c4a31409d91d7ca372a774d0212da2787c0d32f8045b1e034",
                "sha256:6c5b77947b9e85a54848343928b597b4f74fc364b70926b3c4441ff52620640c",
                "sha256:742645059757a56ecd886faf4ed2441b9c0cd406079c2b4bee51bcc3fbcd510a",
                "sha256:7bdfdadb5994b44bd5579cfa7c9b0e1b0e540c952d56f627eb227851cda9db77",
                "sha256:815ddebb2792efd4bba5488bc8fde09c29e8ca3227d27cf1c6990fc830fd292b",
                "sha256:8b5ac0f1c83d31b324e57a273da59197c83d1bb18171e512908fe5dc7278a1d6",
                "sha256:96f240bce182ca7fe045c76bcebfa0b0534a1bf402ed05914a6f1dadff91877f",
                "sha256:a733965f1a2b4090a5238d40d983dcd78f3ecea221c7af1497b845a9709c1721",
                "sha256:ab624700dc145aa809e6f3ec93fb8e7d0f99d9023b713f6a953637429b437d37",
                "sha256:b2571db88c636d862b35090ccf92bf24004393f85c8870a37f42d9f23d13e032",
                "sha256:bbbc94d0c94dd80b3340fc4f04fd4d701f4b038ebad72c39693c794fd3bc2d9d",
                "sha256:c0727bda6e38144d464daec31dff936a82917f431d9c39c39c60a26567eae3ed",
                "sha256:c556695b699f648c58373b542534308922c46a1cda06ea47bc9ca45ef5b39ae6",
                "sha256:c86229333cabaaa8c51cf971496f10318c4734cf7b641f08af0a6fbf17ca3054",
                "sha256:c8d7da6f1c1049eefb718d43d99ad73100c958a5367d30b9321b092771e96c25",
                "sha256:c8e9dcf1ac499679aceedac7e7ca6d8641f0193c591a2d090282aaf8e9445a46",
                "sha256:cb23bcc093697cdea2708baae4f9ba0e972960a835af22560f6ae4e7e47d33f5",
                "sha256:d1e4c28f30e767fd07f2ddc6f74f41f034d1dd6bc526cd59e63a82fe8bb9ef4c",
                "sha256:d9c9bdb3af48e242838f9f6e6127de9be7063aad17b32215ccc36a09c5cf1070",
                "sha256:dee5ef83a76ac31ab0c78c10bd7d5437bfdb6358c95b91f1ba7ff7b76f9996a1",
                "sha256:e0896200b6a40197405af18828da49f067c2fa1f821491bc8f5bde241ef3f7d7",
                "sha256:f5a64b64ddf4c99fe201ac2724daada8595ada0d102ab96d019c1555c2d6441d",
                "sha256:f947352c3434e8b937e3aa8f96f47bdfe6d92779e44bb3f41e4c213ba6a32145"
            ],
            "markers": "python_full_version >= '3.6.1'",
            "version": "==1.9.0"
        },
        "pyparsing": {
            "hashes": [
                "sha256:18ee9022775d270c55187733956460083db60b37d0d0fb357445f3094eed3eea",
                "sha256:a6c06a88f252e6c322f65faf8f418b16213b51bdfaece0524c1c1bc30c63c484"
            ],
            "markers": "python_version >= '3.6'",
            "version": "==3.0.7"
        },
        "pyproj": {
            "hashes": [
                "sha256:067a5c6099949edd66e9a10b139af4e2f65ebadb9f59583923a1d3feefac749a",
                "sha256:0e1fd560b509b722db6566fa9685252f25640e93464d09e13d5190ed7ab491ba",
                "sha256:235b52d8700ffb6be1f3638b1e25d83a9c13edcdb793236d8a98fd39227c5c27",
                "sha256:277072176a17471c0b1d25d6cae75401d81e9b50ea625ba546f5b79acd757dfc",
                "sha256:2c41c9b7b5e1a1b0acc2b7b2f5de65b226f7b96c870888e4f679ff96322b1ed0",
                "sha256:3d28b84913cd849832a8f154c0e0c2ee4618057f7389ee68bfdb2145e7ed78cc",
                "sha256:4125e6704751d0e82d8d912d9851da097e8d38599d4c45f9944faaeb21771938",
                "sha256:44b5590c0b8dd002154916e170ef88f57abf91005b34bcb23faef97abb4d42c2",
                "sha256:4d2fc49c73d9f34e932bf37926d56916ba1b6f2f693cd4d8cc1d0d9eacc0e537",
                "sha256:5a105bfe37c78416d2641cd5d3368c99057d041f15f8d51ea3898953b21395c9",
                "sha256:99f171da5f885efeec8d7fb2e2557175ffa8834eeb488842b1f52ac78a9a98e5",
                "sha256:ab4baf781721640659db83a6b4da636fc403008f4978c668275754284c946778",
                "sha256:b15e199c1da8fd132e11dfa68d8cf65d4812dedabc776b308df778ecd0d07658",
                "sha256:b48dd9e5736957707fce1d9253fb0772bcf80480198c7790e21fed73fee61240",
                "sha256:ce1adec823738e2d7c6af019fc38f58b4204bacfc782e4430373578c672f3833",
                "sha256:ce8bfbc212729e9a643f5f5d77f7a93394e032eda1e2d8799ae902d08add747e",
                "sha256:dbf479bd481774ad217e9db5674868eee8f01dfe3868f61753328895ae7da61a",
                "sha256:e70a1ea6f198cace1a492397bdd0a46e640201120973293d6c48031e370d6a87",
                "sha256:eca8ecf2b6b3225d93c723e6a2f51143d9195ac407f69e979363cdde344b93bb",
                "sha256:fcceb6736085bf19291b707bc67c8cebe05330bd02268e9b8eba6d28a1905fce"
            ],
            "markers": "python_version >= '3.8'",
            "version": "==3.3.0"
        },
        "pystac": {
            "hashes": [
                "sha256:6ec43e1c6bec50fbfbdede49c3ccb83ecd112072a938001b5c9c581fc2945e83",
                "sha256:7f4563ff7cad512fe687ceb0b09905e15934712ac936d51766b090600580abdd"
            ],
            "markers": "python_version >= '3.7'",
            "version": "==1.4.0"
        },
        "python-dateutil": {
            "hashes": [
                "sha256:0123cacc1627ae19ddf3c27a5de5bd67ee4586fbdd6440d9748f8abb483d3e86",
                "sha256:961d03dc3453ebbc59dbdea9e4e11c5651520a876d0f4db161e8674aae935da9"
            ],
            "markers": "python_version >= '2.7' and python_version not in '3.0, 3.1, 3.2, 3.3'",
            "version": "==2.8.2"
        },
        "rasterio": {
            "hashes": [
                "sha256:1572003273225162933d4c88729076ac39050e7becd9de7d31988d1dd40942c1",
                "sha256:2394ce0ae1e7b49b456ddc6bbf00ce6840656e926046c1a5a54cd0f66ea67dc4",
                "sha256:42a1a6364313c384fcd631d850792621301e930449b47f72ced048c415c9c84e",
                "sha256:6062456047ba6494fe18bd0da98a383b6fad5306b16cd52a22e76c59172a2b5f",
                "sha256:831b6dbefb409c3ece23fa219d8446a7534e30c69a075fd366e72742b1f94c58",
                "sha256:8f9867a3b6663396260fc5bdfbea372cac9202074b709478db741767f40dfffc",
                "sha256:ba95aa3221814e364ef49cf8dd8ca4a73e2ea702bd9228a3a845e197091792ae",
                "sha256:c73248b4ba0564798bf64df869834821a7b823a4c9ceda3de9b772d69c3f5405",
                "sha256:f86efb0e4989201f244d6818575d442b716ce81af6cd969c3caead76b9690837"
            ],
            "markers": "python_version >= '3.6'",
            "version": "==1.2.10"
        },
        "requests": {
            "hashes": [
                "sha256:68d7c56fd5a8999887728ef304a6d12edc7be74f1cfa47714fc8b414525c9a61",
                "sha256:f22fa1e554c9ddfd16e6e41ac79759e17be9e492b3587efa038054674760e72d"
            ],
            "index": "pypi",
            "version": "==2.27.1"
        },
        "rfc3986": {
            "extras": [
                "idna2008"
            ],
            "hashes": [
                "sha256:270aaf10d87d0d4e095063c65bf3ddbc6ee3d0b226328ce21e036f946e421835",
                "sha256:a86d6e1f5b1dc238b218b012df0aa79409667bb209e58da56d0b94704e712a97"
            ],
            "version": "==1.5.0"
        },
        "rio-color": {
            "hashes": [
                "sha256:1833532bbdcd3b57dc76bf2dc71c6b36f93bc37763a5b1cc5e016d5cbe0f50c0",
                "sha256:19bde931a81edead9f2ed3c499f10aaa8d289479404d7e8e0770422515325574",
                "sha256:1a41245f82869afe605fec768b715b1e6a7ee9950d2838a81740975eecdca841",
                "sha256:3b45de4bcc2df953ad6a0dd75e62c807da2c4b8128211e6b05fe9b4ece5e89a0",
                "sha256:3f731e4b10907c2ce4c9b7eced8783efb066e404505753e36a76348483ffdaaa",
                "sha256:414eb55a077fa83e6b89da14477945cda427939d01cb2367d1d1e79fb06c18d6",
                "sha256:4e27bc0c91f42714bf49c4d1155674cf02a783c0ebb88927ae55981df2736378",
                "sha256:5ab10d621ab2395ea132a7590475b73f9cc7507c54d59304df83cfffa2c0e60f",
                "sha256:7533c17a2bed80dc76740ceb8fc2dce3c19ad7302ae2e66e261042b96f89bb79",
                "sha256:8512ef2cd8bef8a8f891011044e1cc6eafd7200f858630bd441de1e7b7dac096",
                "sha256:874e2205afe29fe4e8b8df0f0089d402232593e6cecc00e663b776703ebdd00e",
                "sha256:882f70cd7cc9f447b22ee8a2bd101ae4c04173af7c743b9264eedc884357d770",
                "sha256:8a6277a569ff4a744f350130fe47677cdac09de8ad7cba9e2b09b821d314ca7f",
                "sha256:b19911497e63ba71ee1784b8884960e6f0e78080f431691a8b3f08039833f21e",
                "sha256:ba5f52f409ee1794785839cad1968e3566edc0884ef9a87f56b802d34361440a",
                "sha256:d5c6c565c1cf5cd260c79a19f00a9ebd7efc13044a6f41fedc433e159abf9edf",
                "sha256:fa21b95247e25434e6368d4ee0d1e92b681947bb2f9789a3b41ed147d1b88f3b"
            ],
            "version": "==1.0.4"
        },
        "rio-mucho": {
            "hashes": [
                "sha256:156eb911521969e4a795ab438e02c9ac5bf5b441806fa78e556f0d1ea113a27c",
                "sha256:4677aca0613b35b1eb6dcdf314eafc23b707c42e54e9af89a87c86df5ae1ba6c",
                "sha256:606f662e4cc0c7efb98dd7a1eb4df9d93022a305d187b6c02574c4542593b590"
            ],
            "version": "==1.0.0"
        },
        "rio-tiler": {
            "hashes": [
                "sha256:37a77239e05faa05ec9cf2f3012348c08b877d415e311823526ec357f9d64756"
            ],
            "index": "pypi",
            "version": "==3.1.0"
        },
        "s3transfer": {
            "hashes": [
                "sha256:7a6f4c4d1fdb9a2b640244008e142cbc2cd3ae34b386584ef044dd0f27101971",
                "sha256:95c58c194ce657a5f4fb0b9e60a84968c808888aed628cd98ab8771fe1db98ed"
            ],
            "markers": "python_version >= '3.6'",
            "version": "==0.5.2"
        },
        "six": {
            "hashes": [
                "sha256:1e61c37477a1626458e36f7b1d82aa5c9b094fa4802892072e49de9c60c4c926",
                "sha256:8abb2f1d86890a2dfb989f9a77cfcfd3e47c2a354b01111771326f8aa26e0254"
            ],
            "markers": "python_version >= '2.7' and python_version not in '3.0, 3.1, 3.2, 3.3'",
            "version": "==1.16.0"
        },
        "sniffio": {
            "hashes": [
                "sha256:471b71698eac1c2112a40ce2752bb2f4a4814c22a54a3eed3676bc0f5ca9f663",
                "sha256:c4666eecec1d3f50960c6bdf61ab7bc350648da6c126e3cf6898d8cd4ddcd3de"
            ],
            "markers": "python_version >= '3.5'",
            "version": "==1.2.0"
        },
        "snuggs": {
            "hashes": [
                "sha256:501cf113fe3892e14e2fee76da5cd0606b7e149c411c271898e6259ebde2617b",
                "sha256:988dde5d4db88e9d71c99457404773dabcc7a1c45971bfbe81900999942d9f07"
            ],
            "version": "==1.4.7"
        },
        "starlette": {
            "hashes": [
                "sha256:26a18cbda5e6b651c964c12c88b36d9898481cd428ed6e063f5f29c418f73050",
                "sha256:57eab3cc975a28af62f6faec94d355a410634940f10b30d68d31cb5ec1b44ae8"
            ],
            "markers": "python_version >= '3.6'",
            "version": "==0.17.1"
        },
        "typing-extensions": {
            "hashes": [
                "sha256:1a9462dcc3347a79b1f1c0271fbe79e844580bb598bafa1ed208b94da3cdcd42",
                "sha256:21c85e0fe4b9a155d0799430b0ad741cdce7e359660ccbd8b530613e8df88ce2"
            ],
            "markers": "python_version >= '3.6'",
            "version": "==4.1.1"
        },
        "urllib3": {
            "hashes": [
                "sha256:000ca7f471a233c2251c6c7023ee85305721bfdf18621ebff4fd17a8653427ed",
                "sha256:0e7c33d9a63e7ddfcb86780aac87befc2fbddf46c58dbb487e0855f7ceec283c"
            ],
            "markers": "python_version >= '2.7' and python_version not in '3.0, 3.1, 3.2, 3.3, 3.4' and python_version < '4'",
            "version": "==1.26.8"
        },
        "uvicorn": {
            "hashes": [
                "sha256:8adddf629b79857b48b999ae1b14d6c92c95d4d7840bd86461f09bee75f1653e",
                "sha256:c04a9c069111489c324f427501b3840d306c6b91a77b00affc136a840a3f45f1"
            ],
            "index": "pypi",
            "version": "==0.17.5"
        }
    },
    "develop": {}
}
